
Microsoft Visual Studio Solution File, Format Version 12.00
# Visual Studio Version 17
VisualStudioVersion = 17.3.32811.315
MinimumVisualStudioVersion = 10.0.40219.1
Project("{FAE04EC0-301F-11D3-BF4B-00C04F79EFBC}") = "ConsoleApp5", "ConsoleApp5.csproj", "{DD399375-7CD8-465D-973F-9286A97586BB}"
EndProject
Global
	GlobalSection(SolutionConfigurationPlatforms) = preSolution
		Debug|Any CPU = Debug|Any CPU
		Release|Any CPU = Release|Any CPU
	EndGlobalSection
	GlobalSection(ProjectConfigurationPlatforms) = postSolution
		{DD399375-7CD8-465D-973F-9286A97586BB}.Debug|Any CPU.ActiveCfg = Debug|Any CPU
		{DD399375-7CD8-465D-973F-9286A97586BB}.Debug|Any CPU.Build.0 = Debug|Any CPU
		{DD399375-7CD8-465D-973F-9286A97586BB}.Release|Any CPU.ActiveCfg = Release|Any CPU
		{DD399375-7CD8-465D-973F-9286A97586BB}.Release|Any CPU.Build.0 = Release|Any CPU
	EndGlobalSection
	GlobalSection(SolutionProperties) = preSolution
		HideSolutionNode = FALSE
	EndGlobalSection
	GlobalSection(ExtensibilityGlobals) = postSolution
		SolutionGuid = {686CA52A-2948-4253-BD07-41E32CE3DB1F}
	EndGlobalSection
EndGlobal
